# This file is automatically @generated by Cargo.
# It is not intended for manual editing.
version = 4

[[package]]
name = "bfc"
version = "0.1.0"
dependencies = [
 "qbe",
]

[[package]]
name = "qbe"
version = "2.1.0"
source = "git+https://github.com/lleyton/qbe-rs.git#8ca4d648ab79437d835aa408eff7718b89861b84"
